
Microsoft Visual Studio Solution File, Format Version 12.00
# Visual Studio 15
Project("{FAE04EC0-301F-11D3-BF4B-00C04F79EFBC}") = "Assembly-CSharp", "Assembly-CSharp.csproj", "{C33E81A1-E6AF-B609-4E4D-B6E69BACDADE}"
EndProject
Project("{FAE04EC0-301F-11D3-BF4B-00C04F79EFBC}") = "Assembly-CSharp-Editor", "Assembly-CSharp-Editor.csproj", "{CFBFFFB2-2620-1134-CCC3-9C32F92B673D}"
EndProject
Global
	GlobalSection(SolutionConfigurationPlatforms) = preSolution
		Debug|Any CPU = Debug|Any CPU
		Release|Any CPU = Release|Any CPU
	EndGlobalSection
	GlobalSection(ProjectConfigurationPlatforms) = postSolution
		{C33E81A1-E6AF-B609-4E4D-B6E69BACDADE}.Debug|Any CPU.ActiveCfg = Debug|Any CPU
		{C33E81A1-E6AF-B609-4E4D-B6E69BACDADE}.Debug|Any CPU.Build.0 = Debug|Any CPU
		{C33E81A1-E6AF-B609-4E4D-B6E69BACDADE}.Release|Any CPU.ActiveCfg = Release|Any CPU
		{C33E81A1-E6AF-B609-4E4D-B6E69BACDADE}.Release|Any CPU.Build.0 = Release|Any CPU
		{CFBFFFB2-2620-1134-CCC3-9C32F92B673D}.Debug|Any CPU.ActiveCfg = Debug|Any CPU
		{CFBFFFB2-2620-1134-CCC3-9C32F92B673D}.Debug|Any CPU.Build.0 = Debug|Any CPU
		{CFBFFFB2-2620-1134-CCC3-9C32F92B673D}.Release|Any CPU.ActiveCfg = Release|Any CPU
		{CFBFFFB2-2620-1134-CCC3-9C32F92B673D}.Release|Any CPU.Build.0 = Release|Any CPU
	EndGlobalSection
	GlobalSection(SolutionProperties) = preSolution
		HideSolutionNode = FALSE
	EndGlobalSection
EndGlobal
